
Microsoft Visual Studio Solution File, Format Version 12.00
# Visual Studio Version 17
VisualStudioVersion = 17.5.33414.496
MinimumVisualStudioVersion = 10.0.40219.1
Project("{FAE04EC0-301F-11D3-BF4B-00C04F79EFBC}") = "FileManagerApp", "FileManagerApp.csproj", "{55512C60-4BBF-40BC-B3DD-F179CE55570A}"
EndProject
Global
	GlobalSection(SolutionConfigurationPlatforms) = preSolution
		Debug|Any CPU = Debug|Any CPU
		Release|Any CPU = Release|Any CPU
	EndGlobalSection
	GlobalSection(ProjectConfigurationPlatforms) = postSolution
		{55512C60-4BBF-40BC-B3DD-F179CE55570A}.Debug|Any CPU.ActiveCfg = Debug|Any CPU
		{55512C60-4BBF-40BC-B3DD-F179CE55570A}.Debug|Any CPU.Build.0 = Debug|Any CPU
		{55512C60-4BBF-40BC-B3DD-F179CE55570A}.Release|Any CPU.ActiveCfg = Release|Any CPU
		{55512C60-4BBF-40BC-B3DD-F179CE55570A}.Release|Any CPU.Build.0 = Release|Any CPU
	EndGlobalSection
	GlobalSection(SolutionProperties) = preSolution
		HideSolutionNode = FALSE
	EndGlobalSection
	GlobalSection(ExtensibilityGlobals) = postSolution
		SolutionGuid = {2505CC5B-4872-48D3-BFDD-B03628124465}
	EndGlobalSection
EndGlobal
