
Microsoft Visual Studio Solution File, Format Version 12.00
# Visual Studio Version 17
VisualStudioVersion = 17.2.32516.85
MinimumVisualStudioVersion = 10.0.40219.1
Project("{FAE04EC0-301F-11D3-BF4B-00C04F79EFBC}") = "WinFormsApp4", "WinFormsApp4\WinFormsApp4.csproj", "{F51A0C43-0013-48E8-9081-51EC9A4B0CEA}"
EndProject
Global
	GlobalSection(SolutionConfigurationPlatforms) = preSolution
		Debug|Any CPU = Debug|Any CPU
		Release|Any CPU = Release|Any CPU
	EndGlobalSection
	GlobalSection(ProjectConfigurationPlatforms) = postSolution
		{F51A0C43-0013-48E8-9081-51EC9A4B0CEA}.Debug|Any CPU.ActiveCfg = Debug|Any CPU
		{F51A0C43-0013-48E8-9081-51EC9A4B0CEA}.Debug|Any CPU.Build.0 = Debug|Any CPU
		{F51A0C43-0013-48E8-9081-51EC9A4B0CEA}.Release|Any CPU.ActiveCfg = Release|Any CPU
		{F51A0C43-0013-48E8-9081-51EC9A4B0CEA}.Release|Any CPU.Build.0 = Release|Any CPU
	EndGlobalSection
	GlobalSection(SolutionProperties) = preSolution
		HideSolutionNode = FALSE
	EndGlobalSection
	GlobalSection(ExtensibilityGlobals) = postSolution
		SolutionGuid = {8D2F4702-41C9-408A-BF24-AC0C31078EE3}
	EndGlobalSection
EndGlobal
