
Microsoft Visual Studio Solution File, Format Version 12.00
# Visual Studio Version 17
VisualStudioVersion = 17.2.32516.85
MinimumVisualStudioVersion = 10.0.40219.1
Project("{FAE04EC0-301F-11D3-BF4B-00C04F79EFBC}") = "WinFormsApp3", "WinFormsApp3\WinFormsApp3.csproj", "{D11B658F-5F85-4E49-A515-8BAFE345B265}"
EndProject
Global
	GlobalSection(SolutionConfigurationPlatforms) = preSolution
		Debug|Any CPU = Debug|Any CPU
		Release|Any CPU = Release|Any CPU
	EndGlobalSection
	GlobalSection(ProjectConfigurationPlatforms) = postSolution
		{D11B658F-5F85-4E49-A515-8BAFE345B265}.Debug|Any CPU.ActiveCfg = Debug|Any CPU
		{D11B658F-5F85-4E49-A515-8BAFE345B265}.Debug|Any CPU.Build.0 = Debug|Any CPU
		{D11B658F-5F85-4E49-A515-8BAFE345B265}.Release|Any CPU.ActiveCfg = Release|Any CPU
		{D11B658F-5F85-4E49-A515-8BAFE345B265}.Release|Any CPU.Build.0 = Release|Any CPU
	EndGlobalSection
	GlobalSection(SolutionProperties) = preSolution
		HideSolutionNode = FALSE
	EndGlobalSection
	GlobalSection(ExtensibilityGlobals) = postSolution
		SolutionGuid = {2342D165-B722-4756-8496-27DA111BA90D}
	EndGlobalSection
EndGlobal
